
Microsoft Visual Studio Solution File, Format Version 12.00
# Visual Studio Version 17
VisualStudioVersion = 17.4.33103.184
MinimumVisualStudioVersion = 10.0.40219.1
Project("{FAE04EC0-301F-11D3-BF4B-00C04F79EFBC}") = "BookLibrary_API", "BookLibrary_API\BookLibrary_API.csproj", "{72D5BDA7-9EE6-43A8-9013-67839791BB74}"
EndProject
Global
	GlobalSection(SolutionConfigurationPlatforms) = preSolution
		Debug|Any CPU = Debug|Any CPU
		Release|Any CPU = Release|Any CPU
	EndGlobalSection
	GlobalSection(ProjectConfigurationPlatforms) = postSolution
		{72D5BDA7-9EE6-43A8-9013-67839791BB74}.Debug|Any CPU.ActiveCfg = Debug|Any CPU
		{72D5BDA7-9EE6-43A8-9013-67839791BB74}.Debug|Any CPU.Build.0 = Debug|Any CPU
		{72D5BDA7-9EE6-43A8-9013-67839791BB74}.Release|Any CPU.ActiveCfg = Release|Any CPU
		{72D5BDA7-9EE6-43A8-9013-67839791BB74}.Release|Any CPU.Build.0 = Release|Any CPU
	EndGlobalSection
	GlobalSection(SolutionProperties) = preSolution
		HideSolutionNode = FALSE
	EndGlobalSection
	GlobalSection(ExtensibilityGlobals) = postSolution
		SolutionGuid = {7A0BEEAE-8F1B-46D8-8D67-70B9419B5C9F}
	EndGlobalSection
EndGlobal
